
Microsoft Visual Studio Solution File, Format Version 12.00
# Visual Studio Version 17
VisualStudioVersion = 17.14.37111.16 d17.14
MinimumVisualStudioVersion = 10.0.40219.1
Project("{FAE04EC0-301F-11D3-BF4B-00C04F79EFBC}") = "Praktuchna_4_Klyots_Illya", "Praktuchna_4_Klyots_Illya\Praktuchna_4_Klyots_Illya.csproj", "{456F33AE-537F-446F-AB4F-D2516BA7BA8B}"
EndProject
Global
	GlobalSection(SolutionConfigurationPlatforms) = preSolution
		Debug|Any CPU = Debug|Any CPU
		Release|Any CPU = Release|Any CPU
	EndGlobalSection
	GlobalSection(ProjectConfigurationPlatforms) = postSolution
		{456F33AE-537F-446F-AB4F-D2516BA7BA8B}.Debug|Any CPU.ActiveCfg = Debug|Any CPU
		{456F33AE-537F-446F-AB4F-D2516BA7BA8B}.Debug|Any CPU.Build.0 = Debug|Any CPU
		{456F33AE-537F-446F-AB4F-D2516BA7BA8B}.Release|Any CPU.ActiveCfg = Release|Any CPU
		{456F33AE-537F-446F-AB4F-D2516BA7BA8B}.Release|Any CPU.Build.0 = Release|Any CPU
	EndGlobalSection
	GlobalSection(SolutionProperties) = preSolution
		HideSolutionNode = FALSE
	EndGlobalSection
	GlobalSection(ExtensibilityGlobals) = postSolution
		SolutionGuid = {D2BDD761-A786-42D0-8AF5-FCEA9EBE5819}
	EndGlobalSection
EndGlobal
