
Microsoft Visual Studio Solution File, Format Version 12.00
# Visual Studio Version 17
VisualStudioVersion = 17.14.37111.16 d17.14
MinimumVisualStudioVersion = 10.0.40219.1
Project("{FAE04EC0-301F-11D3-BF4B-00C04F79EFBC}") = "Praktuchna_2_Klyots_Illya", "Praktuchna_2_Klyots_Illya\Praktuchna_2_Klyots_Illya.csproj", "{F6E9B5FF-339E-4E3E-B202-35A3FD55301C}"
EndProject
Global
	GlobalSection(SolutionConfigurationPlatforms) = preSolution
		Debug|Any CPU = Debug|Any CPU
		Release|Any CPU = Release|Any CPU
	EndGlobalSection
	GlobalSection(ProjectConfigurationPlatforms) = postSolution
		{F6E9B5FF-339E-4E3E-B202-35A3FD55301C}.Debug|Any CPU.ActiveCfg = Debug|Any CPU
		{F6E9B5FF-339E-4E3E-B202-35A3FD55301C}.Debug|Any CPU.Build.0 = Debug|Any CPU
		{F6E9B5FF-339E-4E3E-B202-35A3FD55301C}.Release|Any CPU.ActiveCfg = Release|Any CPU
		{F6E9B5FF-339E-4E3E-B202-35A3FD55301C}.Release|Any CPU.Build.0 = Release|Any CPU
	EndGlobalSection
	GlobalSection(SolutionProperties) = preSolution
		HideSolutionNode = FALSE
	EndGlobalSection
	GlobalSection(ExtensibilityGlobals) = postSolution
		SolutionGuid = {84B7C545-DD12-4308-82B0-B531D9C11CBE}
	EndGlobalSection
EndGlobal
