
Microsoft Visual Studio Solution File, Format Version 12.00
# Visual Studio Version 17
VisualStudioVersion = 17.14.37111.16 d17.14
MinimumVisualStudioVersion = 10.0.40219.1
Project("{FAE04EC0-301F-11D3-BF4B-00C04F79EFBC}") = "Praktuchna_3_Klyots_Illya", "Praktuchna_3_Klyots_Illya\Praktuchna_3_Klyots_Illya.csproj", "{6BBB27F0-1EC1-41CF-A8CE-C9742B24BF04}"
EndProject
Global
	GlobalSection(SolutionConfigurationPlatforms) = preSolution
		Debug|Any CPU = Debug|Any CPU
		Release|Any CPU = Release|Any CPU
	EndGlobalSection
	GlobalSection(ProjectConfigurationPlatforms) = postSolution
		{6BBB27F0-1EC1-41CF-A8CE-C9742B24BF04}.Debug|Any CPU.ActiveCfg = Debug|Any CPU
		{6BBB27F0-1EC1-41CF-A8CE-C9742B24BF04}.Debug|Any CPU.Build.0 = Debug|Any CPU
		{6BBB27F0-1EC1-41CF-A8CE-C9742B24BF04}.Release|Any CPU.ActiveCfg = Release|Any CPU
		{6BBB27F0-1EC1-41CF-A8CE-C9742B24BF04}.Release|Any CPU.Build.0 = Release|Any CPU
	EndGlobalSection
	GlobalSection(SolutionProperties) = preSolution
		HideSolutionNode = FALSE
	EndGlobalSection
	GlobalSection(ExtensibilityGlobals) = postSolution
		SolutionGuid = {B4ECD36A-4590-49D5-8EFD-A1B06F46E5BD}
	EndGlobalSection
EndGlobal
